Microsoft Visual Studio Solution File, Format Version 12.00
# Visual Studio 14
Project("{8BC9CEB8-8B4A-11D0-8D11-00A0C91BC942}") = "ALL_BUILD", "ALL_BUILD.vcxproj", "{E124216E-D7BF-3402-9269-B3132DACB016}"
	ProjectSection(ProjectDependencies) = postProject
		{5824CEA1-2324-3BD6-91D2-AF90FA1690D0} = {5824CEA1-2324-3BD6-91D2-AF90FA1690D0}
		{32198A23-107C-3A0B-BFA6-D765C73E29FF} = {32198A23-107C-3A0B-BFA6-D765C73E29FF}
		{93BAD261-17C8-3013-813F-C52054A1F96D} = {93BAD261-17C8-3013-813F-C52054A1F96D}
		{315B5841-6A70-32B5-A861-DF551BE78219} = {315B5841-6A70-32B5-A861-DF551BE78219}
		{162E4A60-147F-38E3-8DBD-71FFD0A36FCE} = {162E4A60-147F-38E3-8DBD-71FFD0A36FCE}
	EndProjectSection
EndProject
Project("{8BC9CEB8-8B4A-11D0-8D11-00A0C91BC942}") = "INSTALL", "INSTALL.vcxproj", "{82962BD8-BA4E-3053-A7C4-FEB50A0F867F}"
	ProjectSection(ProjectDependencies) = postProject
		{E124216E-D7BF-3402-9269-B3132DACB016} = {E124216E-D7BF-3402-9269-B3132DACB016}
		{32198A23-107C-3A0B-BFA6-D765C73E29FF} = {32198A23-107C-3A0B-BFA6-D765C73E29FF}
	EndProjectSection
EndProject
Project("{8BC9CEB8-8B4A-11D0-8D11-00A0C91BC942}") = "Protonect", "examples\Protonect.vcxproj", "{5824CEA1-2324-3BD6-91D2-AF90FA1690D0}"
	ProjectSection(ProjectDependencies) = postProject
		{32198A23-107C-3A0B-BFA6-D765C73E29FF} = {32198A23-107C-3A0B-BFA6-D765C73E29FF}
		{93BAD261-17C8-3013-813F-C52054A1F96D} = {93BAD261-17C8-3013-813F-C52054A1F96D}
	EndProjectSection
EndProject
Project("{8BC9CEB8-8B4A-11D0-8D11-00A0C91BC942}") = "ZERO_CHECK", "ZERO_CHECK.vcxproj", "{32198A23-107C-3A0B-BFA6-D765C73E29FF}"
	ProjectSection(ProjectDependencies) = postProject
	EndProjectSection
EndProject
Project("{8BC9CEB8-8B4A-11D0-8D11-00A0C91BC942}") = "freenect2", "freenect2.vcxproj", "{93BAD261-17C8-3013-813F-C52054A1F96D}"
	ProjectSection(ProjectDependencies) = postProject
		{32198A23-107C-3A0B-BFA6-D765C73E29FF} = {32198A23-107C-3A0B-BFA6-D765C73E29FF}
		{162E4A60-147F-38E3-8DBD-71FFD0A36FCE} = {162E4A60-147F-38E3-8DBD-71FFD0A36FCE}
	EndProjectSection
EndProject
Project("{8BC9CEB8-8B4A-11D0-8D11-00A0C91BC942}") = "freenect2-openni2", "freenect2-openni2.vcxproj", "{315B5841-6A70-32B5-A861-DF551BE78219}"
	ProjectSection(ProjectDependencies) = postProject
		{32198A23-107C-3A0B-BFA6-D765C73E29FF} = {32198A23-107C-3A0B-BFA6-D765C73E29FF}
		{93BAD261-17C8-3013-813F-C52054A1F96D} = {93BAD261-17C8-3013-813F-C52054A1F96D}
	EndProjectSection
EndProject
Project("{8BC9CEB8-8B4A-11D0-8D11-00A0C91BC942}") = "generate_resources_tool", "generate_resources_tool.vcxproj", "{162E4A60-147F-38E3-8DBD-71FFD0A36FCE}"
	ProjectSection(ProjectDependencies) = postProject
		{32198A23-107C-3A0B-BFA6-D765C73E29FF} = {32198A23-107C-3A0B-BFA6-D765C73E29FF}
	EndProjectSection
EndProject
Project("{8BC9CEB8-8B4A-11D0-8D11-00A0C91BC942}") = "install-openni2", "install-openni2.vcxproj", "{1E9FCE1B-16A7-3687-9A4D-63AD28854922}"
	ProjectSection(ProjectDependencies) = postProject
		{32198A23-107C-3A0B-BFA6-D765C73E29FF} = {32198A23-107C-3A0B-BFA6-D765C73E29FF}
		{315B5841-6A70-32B5-A861-DF551BE78219} = {315B5841-6A70-32B5-A861-DF551BE78219}
	EndProjectSection
EndProject
Global
	GlobalSection(SolutionConfigurationPlatforms) = preSolution
		Debug|x64 = Debug|x64
		Release|x64 = Release|x64
		MinSizeRel|x64 = MinSizeRel|x64
		RelWithDebInfo|x64 = RelWithDebInfo|x64
	EndGlobalSection
	GlobalSection(ProjectConfigurationPlatforms) = postSolution
		{E124216E-D7BF-3402-9269-B3132DACB016}.Debug|x64.ActiveCfg = Debug|x64
		{E124216E-D7BF-3402-9269-B3132DACB016}.Debug|x64.Build.0 = Debug|x64
		{E124216E-D7BF-3402-9269-B3132DACB016}.Release|x64.ActiveCfg = Release|x64
		{E124216E-D7BF-3402-9269-B3132DACB016}.Release|x64.Build.0 = Release|x64
		{E124216E-D7BF-3402-9269-B3132DACB016}.MinSizeRel|x64.ActiveCfg = MinSizeRel|x64
		{E124216E-D7BF-3402-9269-B3132DACB016}.MinSizeRel|x64.Build.0 = MinSizeRel|x64
		{E124216E-D7BF-3402-9269-B3132DACB016}.RelWithDebInfo|x64.ActiveCfg = RelWithDebInfo|x64
		{E124216E-D7BF-3402-9269-B3132DACB016}.RelWithDebInfo|x64.Build.0 = RelWithDebInfo|x64
		{82962BD8-BA4E-3053-A7C4-FEB50A0F867F}.Debug|x64.ActiveCfg = Debug|x64
		{82962BD8-BA4E-3053-A7C4-FEB50A0F867F}.Release|x64.ActiveCfg = Release|x64
		{82962BD8-BA4E-3053-A7C4-FEB50A0F867F}.MinSizeRel|x64.ActiveCfg = MinSizeRel|x64
		{82962BD8-BA4E-3053-A7C4-FEB50A0F867F}.RelWithDebInfo|x64.ActiveCfg = RelWithDebInfo|x64
		{5824CEA1-2324-3BD6-91D2-AF90FA1690D0}.Debug|x64.ActiveCfg = Debug|x64
		{5824CEA1-2324-3BD6-91D2-AF90FA1690D0}.Debug|x64.Build.0 = Debug|x64
		{5824CEA1-2324-3BD6-91D2-AF90FA1690D0}.Release|x64.ActiveCfg = Release|x64
		{5824CEA1-2324-3BD6-91D2-AF90FA1690D0}.Release|x64.Build.0 = Release|x64
		{5824CEA1-2324-3BD6-91D2-AF90FA1690D0}.MinSizeRel|x64.ActiveCfg = MinSizeRel|x64
		{5824CEA1-2324-3BD6-91D2-AF90FA1690D0}.MinSizeRel|x64.Build.0 = MinSizeRel|x64
		{5824CEA1-2324-3BD6-91D2-AF90FA1690D0}.RelWithDebInfo|x64.ActiveCfg = RelWithDebInfo|x64
		{5824CEA1-2324-3BD6-91D2-AF90FA1690D0}.RelWithDebInfo|x64.Build.0 = RelWithDebInfo|x64
		{32198A23-107C-3A0B-BFA6-D765C73E29FF}.Debug|x64.ActiveCfg = Debug|x64
		{32198A23-107C-3A0B-BFA6-D765C73E29FF}.Debug|x64.Build.0 = Debug|x64
		{32198A23-107C-3A0B-BFA6-D765C73E29FF}.Release|x64.ActiveCfg = Release|x64
		{32198A23-107C-3A0B-BFA6-D765C73E29FF}.Release|x64.Build.0 = Release|x64
		{32198A23-107C-3A0B-BFA6-D765C73E29FF}.MinSizeRel|x64.ActiveCfg = MinSizeRel|x64
		{32198A23-107C-3A0B-BFA6-D765C73E29FF}.MinSizeRel|x64.Build.0 = MinSizeRel|x64
		{32198A23-107C-3A0B-BFA6-D765C73E29FF}.RelWithDebInfo|x64.ActiveCfg = RelWithDebInfo|x64
		{32198A23-107C-3A0B-BFA6-D765C73E29FF}.RelWithDebInfo|x64.Build.0 = RelWithDebInfo|x64
		{93BAD261-17C8-3013-813F-C52054A1F96D}.Debug|x64.ActiveCfg = Debug|x64
		{93BAD261-17C8-3013-813F-C52054A1F96D}.Debug|x64.Build.0 = Debug|x64
		{93BAD261-17C8-3013-813F-C52054A1F96D}.Release|x64.ActiveCfg = Release|x64
		{93BAD261-17C8-3013-813F-C52054A1F96D}.Release|x64.Build.0 = Release|x64
		{93BAD261-17C8-3013-813F-C52054A1F96D}.MinSizeRel|x64.ActiveCfg = MinSizeRel|x64
		{93BAD261-17C8-3013-813F-C52054A1F96D}.MinSizeRel|x64.Build.0 = MinSizeRel|x64
		{93BAD261-17C8-3013-813F-C52054A1F96D}.RelWithDebInfo|x64.ActiveCfg = RelWithDebInfo|x64
		{93BAD261-17C8-3013-813F-C52054A1F96D}.RelWithDebInfo|x64.Build.0 = RelWithDebInfo|x64
		{315B5841-6A70-32B5-A861-DF551BE78219}.Debug|x64.ActiveCfg = Debug|x64
		{315B5841-6A70-32B5-A861-DF551BE78219}.Debug|x64.Build.0 = Debug|x64
		{315B5841-6A70-32B5-A861-DF551BE78219}.Release|x64.ActiveCfg = Release|x64
		{315B5841-6A70-32B5-A861-DF551BE78219}.Release|x64.Build.0 = Release|x64
		{315B5841-6A70-32B5-A861-DF551BE78219}.MinSizeRel|x64.ActiveCfg = MinSizeRel|x64
		{315B5841-6A70-32B5-A861-DF551BE78219}.MinSizeRel|x64.Build.0 = MinSizeRel|x64
		{315B5841-6A70-32B5-A861-DF551BE78219}.RelWithDebInfo|x64.ActiveCfg = RelWithDebInfo|x64
		{315B5841-6A70-32B5-A861-DF551BE78219}.RelWithDebInfo|x64.Build.0 = RelWithDebInfo|x64
		{162E4A60-147F-38E3-8DBD-71FFD0A36FCE}.Debug|x64.ActiveCfg = Debug|x64
		{162E4A60-147F-38E3-8DBD-71FFD0A36FCE}.Debug|x64.Build.0 = Debug|x64
		{162E4A60-147F-38E3-8DBD-71FFD0A36FCE}.Release|x64.ActiveCfg = Release|x64
		{162E4A60-147F-38E3-8DBD-71FFD0A36FCE}.Release|x64.Build.0 = Release|x64
		{162E4A60-147F-38E3-8DBD-71FFD0A36FCE}.MinSizeRel|x64.ActiveCfg = MinSizeRel|x64
		{162E4A60-147F-38E3-8DBD-71FFD0A36FCE}.MinSizeRel|x64.Build.0 = MinSizeRel|x64
		{162E4A60-147F-38E3-8DBD-71FFD0A36FCE}.RelWithDebInfo|x64.ActiveCfg = RelWithDebInfo|x64
		{162E4A60-147F-38E3-8DBD-71FFD0A36FCE}.RelWithDebInfo|x64.Build.0 = RelWithDebInfo|x64
		{1E9FCE1B-16A7-3687-9A4D-63AD28854922}.Debug|x64.ActiveCfg = Debug|x64
		{1E9FCE1B-16A7-3687-9A4D-63AD28854922}.Release|x64.ActiveCfg = Release|x64
		{1E9FCE1B-16A7-3687-9A4D-63AD28854922}.MinSizeRel|x64.ActiveCfg = MinSizeRel|x64
		{1E9FCE1B-16A7-3687-9A4D-63AD28854922}.RelWithDebInfo|x64.ActiveCfg = RelWithDebInfo|x64
	EndGlobalSection
	GlobalSection(ExtensibilityGlobals) = postSolution
		SolutionGuid = {0D23188E-5212-3056-8867-CBA6DCEFA4A3}
	EndGlobalSection
	GlobalSection(ExtensibilityAddIns) = postSolution
	EndGlobalSection
EndGlobal
